
Microsoft Visual Studio Solution File, Format Version 12.00
# Visual Studio Version 17
VisualStudioVersion = 17.7.34221.43
MinimumVisualStudioVersion = 10.0.40219.1
Project("{FAE04EC0-301F-11D3-BF4B-00C04F79EFBC}") = "LearningNeuron", "LearningNeuron.csproj", "{06EBAA87-2EAE-460F-BBF9-7BCC823A86EE}"
EndProject
Global
	GlobalSection(SolutionConfigurationPlatforms) = preSolution
		Debug|Any CPU = Debug|Any CPU
		Release|Any CPU = Release|Any CPU
	EndGlobalSection
	GlobalSection(ProjectConfigurationPlatforms) = postSolution
		{06EBAA87-2EAE-460F-BBF9-7BCC823A86EE}.Debug|Any CPU.ActiveCfg = Debug|Any CPU
		{06EBAA87-2EAE-460F-BBF9-7BCC823A86EE}.Debug|Any CPU.Build.0 = Debug|Any CPU
		{06EBAA87-2EAE-460F-BBF9-7BCC823A86EE}.Release|Any CPU.ActiveCfg = Release|Any CPU
		{06EBAA87-2EAE-460F-BBF9-7BCC823A86EE}.Release|Any CPU.Build.0 = Release|Any CPU
	EndGlobalSection
	GlobalSection(SolutionProperties) = preSolution
		HideSolutionNode = FALSE
	EndGlobalSection
	GlobalSection(ExtensibilityGlobals) = postSolution
		SolutionGuid = {3D2D746D-7860-46C6-AD5C-B33A718A8DE1}
	EndGlobalSection
EndGlobal
